
Microsoft Visual Studio Solution File, Format Version 12.00
# Visual Studio Version 16
VisualStudioVersion = 16.0.30717.126
MinimumVisualStudioVersion = 10.0.40219.1
Project("{8BC9CEB8-8B4A-11D0-8D11-00A0C91BC942}") = "StdFuncs", "..\StdFuncs.vcxproj", "{CC6C37F2-5803-4C25-9BF1-651E54E53DEE}"
EndProject
Project("{8BC9CEB8-8B4A-11D0-8D11-00A0C91BC942}") = "T_Args", "T_Args.vcxproj", "{5454286D-A40B-4681-BB13-83A4CAB5AB86}"
EndProject
Project("{8BC9CEB8-8B4A-11D0-8D11-00A0C91BC942}") = "T_ConfigFile", "T_ConfigFile.vcxproj", "{EBA9BF1C-5078-4FB1-BB37-893A7879C3F2}"
EndProject
Project("{8BC9CEB8-8B4A-11D0-8D11-00A0C91BC942}") = "T_Dir", "T_Dir.vcxproj", "{5C6F1674-F293-4FCF-A0AE-E2B32B7B3021}"
EndProject
Project("{8BC9CEB8-8B4A-11D0-8D11-00A0C91BC942}") = "T_File", "T_File.vcxproj", "{4E0F6BD0-6FF1-4FDD-AC46-2FB961F8A1FE}"
EndProject
Project("{8BC9CEB8-8B4A-11D0-8D11-00A0C91BC942}") = "T_Lex", "T_Lex.vcxproj", "{B5AB8899-5921-4C7A-9D7A-19D082CDDD86}"
EndProject
Project("{8BC9CEB8-8B4A-11D0-8D11-00A0C91BC942}") = "T_Pool", "T_Pool.vcxproj", "{8D4C4FC2-3AFE-4130-8F59-81845AC2F9C0}"
EndProject
Project("{8BC9CEB8-8B4A-11D0-8D11-00A0C91BC942}") = "T_StdList", "T_StdList.vcxproj", "{14C5554D-EBE4-423D-9741-CE00CCC5D859}"
EndProject
Project("{8BC9CEB8-8B4A-11D0-8D11-00A0C91BC942}") = "T_StdTextFile", "T_StdTextFile.vcxproj", "{99BB04CB-471A-473F-8605-135C0CE6F432}"
EndProject
Project("{8BC9CEB8-8B4A-11D0-8D11-00A0C91BC942}") = "T_StringList", "T_StringList.vcxproj", "{BA141094-FE3C-4F5B-9DA2-0D467B44248F}"
EndProject
Project("{8BC9CEB8-8B4A-11D0-8D11-00A0C91BC942}") = "T_Utils", "T_Utils.vcxproj", "{5231A129-CB1A-4805-8760-10A10B36E850}"
EndProject
Project("{8BC9CEB8-8B4A-11D0-8D11-00A0C91BC942}") = "T_Wildcard", "T_Wildcard.vcxproj", "{D5F53B33-DF99-4A25-A81F-E5390E49195A}"
EndProject
Project("{8BC9CEB8-8B4A-11D0-8D11-00A0C91BC942}") = "T_Time", "T_Time.vcxproj", "{06E1A57B-D14F-4E16-A2C6-13BFF9E26ADA}"
EndProject
Global
	GlobalSection(SolutionConfigurationPlatforms) = preSolution
		Debug|x64 = Debug|x64
		Debug|x86 = Debug|x86
		Release|x64 = Release|x64
		Release|x86 = Release|x86
		Template|x64 = Template|x64
		Template|x86 = Template|x86
	EndGlobalSection
	GlobalSection(ProjectConfigurationPlatforms) = postSolution
		{CC6C37F2-5803-4C25-9BF1-651E54E53DEE}.Debug|x64.ActiveCfg = Debug|x64
		{CC6C37F2-5803-4C25-9BF1-651E54E53DEE}.Debug|x64.Build.0 = Debug|x64
		{CC6C37F2-5803-4C25-9BF1-651E54E53DEE}.Debug|x86.ActiveCfg = Debug|Win32
		{CC6C37F2-5803-4C25-9BF1-651E54E53DEE}.Debug|x86.Build.0 = Debug|Win32
		{CC6C37F2-5803-4C25-9BF1-651E54E53DEE}.Release|x64.ActiveCfg = Release|x64
		{CC6C37F2-5803-4C25-9BF1-651E54E53DEE}.Release|x64.Build.0 = Release|x64
		{CC6C37F2-5803-4C25-9BF1-651E54E53DEE}.Release|x86.ActiveCfg = Release|Win32
		{CC6C37F2-5803-4C25-9BF1-651E54E53DEE}.Release|x86.Build.0 = Release|Win32
		{CC6C37F2-5803-4C25-9BF1-651E54E53DEE}.Template|x64.ActiveCfg = Debug|x64
		{CC6C37F2-5803-4C25-9BF1-651E54E53DEE}.Template|x64.Build.0 = Debug|x64
		{CC6C37F2-5803-4C25-9BF1-651E54E53DEE}.Template|x86.ActiveCfg = Debug|Win32
		{CC6C37F2-5803-4C25-9BF1-651E54E53DEE}.Template|x86.Build.0 = Debug|Win32
		{5454286D-A40B-4681-BB13-83A4CAB5AB86}.Debug|x64.ActiveCfg = Debug|x64
		{5454286D-A40B-4681-BB13-83A4CAB5AB86}.Debug|x64.Build.0 = Debug|x64
		{5454286D-A40B-4681-BB13-83A4CAB5AB86}.Debug|x86.ActiveCfg = Debug|Win32
		{5454286D-A40B-4681-BB13-83A4CAB5AB86}.Debug|x86.Build.0 = Debug|Win32
		{5454286D-A40B-4681-BB13-83A4CAB5AB86}.Release|x64.ActiveCfg = Release|x64
		{5454286D-A40B-4681-BB13-83A4CAB5AB86}.Release|x64.Build.0 = Release|x64
		{5454286D-A40B-4681-BB13-83A4CAB5AB86}.Release|x86.ActiveCfg = Release|Win32
		{5454286D-A40B-4681-BB13-83A4CAB5AB86}.Release|x86.Build.0 = Release|Win32
		{5454286D-A40B-4681-BB13-83A4CAB5AB86}.Template|x64.ActiveCfg = Debug|Win32
		{5454286D-A40B-4681-BB13-83A4CAB5AB86}.Template|x64.Build.0 = Debug|Win32
		{5454286D-A40B-4681-BB13-83A4CAB5AB86}.Template|x86.ActiveCfg = Debug|Win32
		{5454286D-A40B-4681-BB13-83A4CAB5AB86}.Template|x86.Build.0 = Debug|Win32
		{EBA9BF1C-5078-4FB1-BB37-893A7879C3F2}.Debug|x64.ActiveCfg = Debug|x64
		{EBA9BF1C-5078-4FB1-BB37-893A7879C3F2}.Debug|x64.Build.0 = Debug|x64
		{EBA9BF1C-5078-4FB1-BB37-893A7879C3F2}.Debug|x86.ActiveCfg = Debug|Win32
		{EBA9BF1C-5078-4FB1-BB37-893A7879C3F2}.Debug|x86.Build.0 = Debug|Win32
		{EBA9BF1C-5078-4FB1-BB37-893A7879C3F2}.Release|x64.ActiveCfg = Release|x64
		{EBA9BF1C-5078-4FB1-BB37-893A7879C3F2}.Release|x64.Build.0 = Release|x64
		{EBA9BF1C-5078-4FB1-BB37-893A7879C3F2}.Release|x86.ActiveCfg = Release|Win32
		{EBA9BF1C-5078-4FB1-BB37-893A7879C3F2}.Release|x86.Build.0 = Release|Win32
		{EBA9BF1C-5078-4FB1-BB37-893A7879C3F2}.Template|x64.ActiveCfg = Template|Win32
		{EBA9BF1C-5078-4FB1-BB37-893A7879C3F2}.Template|x86.ActiveCfg = Template|Win32
		{EBA9BF1C-5078-4FB1-BB37-893A7879C3F2}.Template|x86.Build.0 = Template|Win32
		{5C6F1674-F293-4FCF-A0AE-E2B32B7B3021}.Debug|x64.ActiveCfg = Debug|x64
		{5C6F1674-F293-4FCF-A0AE-E2B32B7B3021}.Debug|x64.Build.0 = Debug|x64
		{5C6F1674-F293-4FCF-A0AE-E2B32B7B3021}.Debug|x86.ActiveCfg = Debug|Win32
		{5C6F1674-F293-4FCF-A0AE-E2B32B7B3021}.Debug|x86.Build.0 = Debug|Win32
		{5C6F1674-F293-4FCF-A0AE-E2B32B7B3021}.Release|x64.ActiveCfg = Release|x64
		{5C6F1674-F293-4FCF-A0AE-E2B32B7B3021}.Release|x64.Build.0 = Release|x64
		{5C6F1674-F293-4FCF-A0AE-E2B32B7B3021}.Release|x86.ActiveCfg = Release|Win32
		{5C6F1674-F293-4FCF-A0AE-E2B32B7B3021}.Release|x86.Build.0 = Release|Win32
		{5C6F1674-F293-4FCF-A0AE-E2B32B7B3021}.Template|x64.ActiveCfg = Template|Win32
		{5C6F1674-F293-4FCF-A0AE-E2B32B7B3021}.Template|x86.ActiveCfg = Template|Win32
		{5C6F1674-F293-4FCF-A0AE-E2B32B7B3021}.Template|x86.Build.0 = Template|Win32
		{4E0F6BD0-6FF1-4FDD-AC46-2FB961F8A1FE}.Debug|x64.ActiveCfg = Debug|x64
		{4E0F6BD0-6FF1-4FDD-AC46-2FB961F8A1FE}.Debug|x64.Build.0 = Debug|x64
		{4E0F6BD0-6FF1-4FDD-AC46-2FB961F8A1FE}.Debug|x86.ActiveCfg = Debug|Win32
		{4E0F6BD0-6FF1-4FDD-AC46-2FB961F8A1FE}.Debug|x86.Build.0 = Debug|Win32
		{4E0F6BD0-6FF1-4FDD-AC46-2FB961F8A1FE}.Release|x64.ActiveCfg = Release|x64
		{4E0F6BD0-6FF1-4FDD-AC46-2FB961F8A1FE}.Release|x64.Build.0 = Release|x64
		{4E0F6BD0-6FF1-4FDD-AC46-2FB961F8A1FE}.Release|x86.ActiveCfg = Release|Win32
		{4E0F6BD0-6FF1-4FDD-AC46-2FB961F8A1FE}.Release|x86.Build.0 = Release|Win32
		{4E0F6BD0-6FF1-4FDD-AC46-2FB961F8A1FE}.Template|x64.ActiveCfg = Template|Win32
		{4E0F6BD0-6FF1-4FDD-AC46-2FB961F8A1FE}.Template|x86.ActiveCfg = Template|Win32
		{4E0F6BD0-6FF1-4FDD-AC46-2FB961F8A1FE}.Template|x86.Build.0 = Template|Win32
		{B5AB8899-5921-4C7A-9D7A-19D082CDDD86}.Debug|x64.ActiveCfg = Debug|x64
		{B5AB8899-5921-4C7A-9D7A-19D082CDDD86}.Debug|x64.Build.0 = Debug|x64
		{B5AB8899-5921-4C7A-9D7A-19D082CDDD86}.Debug|x86.ActiveCfg = Debug|Win32
		{B5AB8899-5921-4C7A-9D7A-19D082CDDD86}.Debug|x86.Build.0 = Debug|Win32
		{B5AB8899-5921-4C7A-9D7A-19D082CDDD86}.Release|x64.ActiveCfg = Release|x64
		{B5AB8899-5921-4C7A-9D7A-19D082CDDD86}.Release|x64.Build.0 = Release|x64
		{B5AB8899-5921-4C7A-9D7A-19D082CDDD86}.Release|x86.ActiveCfg = Release|Win32
		{B5AB8899-5921-4C7A-9D7A-19D082CDDD86}.Release|x86.Build.0 = Release|Win32
		{B5AB8899-5921-4C7A-9D7A-19D082CDDD86}.Template|x64.ActiveCfg = Template|Win32
		{B5AB8899-5921-4C7A-9D7A-19D082CDDD86}.Template|x86.ActiveCfg = Template|Win32
		{B5AB8899-5921-4C7A-9D7A-19D082CDDD86}.Template|x86.Build.0 = Template|Win32
		{8D4C4FC2-3AFE-4130-8F59-81845AC2F9C0}.Debug|x64.ActiveCfg = Debug|x64
		{8D4C4FC2-3AFE-4130-8F59-81845AC2F9C0}.Debug|x64.Build.0 = Debug|x64
		{8D4C4FC2-3AFE-4130-8F59-81845AC2F9C0}.Debug|x86.ActiveCfg = Debug|Win32
		{8D4C4FC2-3AFE-4130-8F59-81845AC2F9C0}.Debug|x86.Build.0 = Debug|Win32
		{8D4C4FC2-3AFE-4130-8F59-81845AC2F9C0}.Release|x64.ActiveCfg = Release|x64
		{8D4C4FC2-3AFE-4130-8F59-81845AC2F9C0}.Release|x64.Build.0 = Release|x64
		{8D4C4FC2-3AFE-4130-8F59-81845AC2F9C0}.Release|x86.ActiveCfg = Release|Win32
		{8D4C4FC2-3AFE-4130-8F59-81845AC2F9C0}.Release|x86.Build.0 = Release|Win32
		{8D4C4FC2-3AFE-4130-8F59-81845AC2F9C0}.Template|x64.ActiveCfg = Template|Win32
		{8D4C4FC2-3AFE-4130-8F59-81845AC2F9C0}.Template|x86.ActiveCfg = Template|Win32
		{8D4C4FC2-3AFE-4130-8F59-81845AC2F9C0}.Template|x86.Build.0 = Template|Win32
		{14C5554D-EBE4-423D-9741-CE00CCC5D859}.Debug|x64.ActiveCfg = Debug|x64
		{14C5554D-EBE4-423D-9741-CE00CCC5D859}.Debug|x64.Build.0 = Debug|x64
		{14C5554D-EBE4-423D-9741-CE00CCC5D859}.Debug|x86.ActiveCfg = Debug|Win32
		{14C5554D-EBE4-423D-9741-CE00CCC5D859}.Debug|x86.Build.0 = Debug|Win32
		{14C5554D-EBE4-423D-9741-CE00CCC5D859}.Release|x64.ActiveCfg = Release|x64
		{14C5554D-EBE4-423D-9741-CE00CCC5D859}.Release|x64.Build.0 = Release|x64
		{14C5554D-EBE4-423D-9741-CE00CCC5D859}.Release|x86.ActiveCfg = Release|Win32
		{14C5554D-EBE4-423D-9741-CE00CCC5D859}.Release|x86.Build.0 = Release|Win32
		{14C5554D-EBE4-423D-9741-CE00CCC5D859}.Template|x64.ActiveCfg = Template|Win32
		{14C5554D-EBE4-423D-9741-CE00CCC5D859}.Template|x86.ActiveCfg = Template|Win32
		{14C5554D-EBE4-423D-9741-CE00CCC5D859}.Template|x86.Build.0 = Template|Win32
		{99BB04CB-471A-473F-8605-135C0CE6F432}.Debug|x64.ActiveCfg = Debug|x64
		{99BB04CB-471A-473F-8605-135C0CE6F432}.Debug|x64.Build.0 = Debug|x64
		{99BB04CB-471A-473F-8605-135C0CE6F432}.Debug|x86.ActiveCfg = Debug|Win32
		{99BB04CB-471A-473F-8605-135C0CE6F432}.Debug|x86.Build.0 = Debug|Win32
		{99BB04CB-471A-473F-8605-135C0CE6F432}.Release|x64.ActiveCfg = Release|x64
		{99BB04CB-471A-473F-8605-135C0CE6F432}.Release|x64.Build.0 = Release|x64
		{99BB04CB-471A-473F-8605-135C0CE6F432}.Release|x86.ActiveCfg = Release|Win32
		{99BB04CB-471A-473F-8605-135C0CE6F432}.Release|x86.Build.0 = Release|Win32
		{99BB04CB-471A-473F-8605-135C0CE6F432}.Template|x64.ActiveCfg = Template|Win32
		{99BB04CB-471A-473F-8605-135C0CE6F432}.Template|x86.ActiveCfg = Template|Win32
		{99BB04CB-471A-473F-8605-135C0CE6F432}.Template|x86.Build.0 = Template|Win32
		{BA141094-FE3C-4F5B-9DA2-0D467B44248F}.Debug|x64.ActiveCfg = Debug|x64
		{BA141094-FE3C-4F5B-9DA2-0D467B44248F}.Debug|x64.Build.0 = Debug|x64
		{BA141094-FE3C-4F5B-9DA2-0D467B44248F}.Debug|x86.ActiveCfg = Debug|Win32
		{BA141094-FE3C-4F5B-9DA2-0D467B44248F}.Debug|x86.Build.0 = Debug|Win32
		{BA141094-FE3C-4F5B-9DA2-0D467B44248F}.Release|x64.ActiveCfg = Release|x64
		{BA141094-FE3C-4F5B-9DA2-0D467B44248F}.Release|x64.Build.0 = Release|x64
		{BA141094-FE3C-4F5B-9DA2-0D467B44248F}.Release|x86.ActiveCfg = Release|Win32
		{BA141094-FE3C-4F5B-9DA2-0D467B44248F}.Release|x86.Build.0 = Release|Win32
		{BA141094-FE3C-4F5B-9DA2-0D467B44248F}.Template|x64.ActiveCfg = Template|Win32
		{BA141094-FE3C-4F5B-9DA2-0D467B44248F}.Template|x86.ActiveCfg = Template|Win32
		{BA141094-FE3C-4F5B-9DA2-0D467B44248F}.Template|x86.Build.0 = Template|Win32
		{5231A129-CB1A-4805-8760-10A10B36E850}.Debug|x64.ActiveCfg = Debug|x64
		{5231A129-CB1A-4805-8760-10A10B36E850}.Debug|x64.Build.0 = Debug|x64
		{5231A129-CB1A-4805-8760-10A10B36E850}.Debug|x86.ActiveCfg = Debug|Win32
		{5231A129-CB1A-4805-8760-10A10B36E850}.Debug|x86.Build.0 = Debug|Win32
		{5231A129-CB1A-4805-8760-10A10B36E850}.Release|x64.ActiveCfg = Release|x64
		{5231A129-CB1A-4805-8760-10A10B36E850}.Release|x64.Build.0 = Release|x64
		{5231A129-CB1A-4805-8760-10A10B36E850}.Release|x86.ActiveCfg = Release|Win32
		{5231A129-CB1A-4805-8760-10A10B36E850}.Release|x86.Build.0 = Release|Win32
		{5231A129-CB1A-4805-8760-10A10B36E850}.Template|x64.ActiveCfg = Template|Win32
		{5231A129-CB1A-4805-8760-10A10B36E850}.Template|x86.ActiveCfg = Template|Win32
		{5231A129-CB1A-4805-8760-10A10B36E850}.Template|x86.Build.0 = Template|Win32
		{D5F53B33-DF99-4A25-A81F-E5390E49195A}.Debug|x64.ActiveCfg = Debug|x64
		{D5F53B33-DF99-4A25-A81F-E5390E49195A}.Debug|x64.Build.0 = Debug|x64
		{D5F53B33-DF99-4A25-A81F-E5390E49195A}.Debug|x86.ActiveCfg = Debug|Win32
		{D5F53B33-DF99-4A25-A81F-E5390E49195A}.Debug|x86.Build.0 = Debug|Win32
		{D5F53B33-DF99-4A25-A81F-E5390E49195A}.Release|x64.ActiveCfg = Release|x64
		{D5F53B33-DF99-4A25-A81F-E5390E49195A}.Release|x64.Build.0 = Release|x64
		{D5F53B33-DF99-4A25-A81F-E5390E49195A}.Release|x86.ActiveCfg = Release|Win32
		{D5F53B33-DF99-4A25-A81F-E5390E49195A}.Release|x86.Build.0 = Release|Win32
		{D5F53B33-DF99-4A25-A81F-E5390E49195A}.Template|x64.ActiveCfg = Template|Win32
		{D5F53B33-DF99-4A25-A81F-E5390E49195A}.Template|x86.ActiveCfg = Template|Win32
		{D5F53B33-DF99-4A25-A81F-E5390E49195A}.Template|x86.Build.0 = Template|Win32
		{06E1A57B-D14F-4E16-A2C6-13BFF9E26ADA}.Debug|x64.ActiveCfg = Debug|x64
		{06E1A57B-D14F-4E16-A2C6-13BFF9E26ADA}.Debug|x64.Build.0 = Debug|x64
		{06E1A57B-D14F-4E16-A2C6-13BFF9E26ADA}.Debug|x86.ActiveCfg = Debug|Win32
		{06E1A57B-D14F-4E16-A2C6-13BFF9E26ADA}.Debug|x86.Build.0 = Debug|Win32
		{06E1A57B-D14F-4E16-A2C6-13BFF9E26ADA}.Release|x64.ActiveCfg = Release|x64
		{06E1A57B-D14F-4E16-A2C6-13BFF9E26ADA}.Release|x64.Build.0 = Release|x64
		{06E1A57B-D14F-4E16-A2C6-13BFF9E26ADA}.Release|x86.ActiveCfg = Release|Win32
		{06E1A57B-D14F-4E16-A2C6-13BFF9E26ADA}.Release|x86.Build.0 = Release|Win32
		{06E1A57B-D14F-4E16-A2C6-13BFF9E26ADA}.Template|x64.ActiveCfg = Debug|Win32
		{06E1A57B-D14F-4E16-A2C6-13BFF9E26ADA}.Template|x64.Build.0 = Debug|Win32
		{06E1A57B-D14F-4E16-A2C6-13BFF9E26ADA}.Template|x86.ActiveCfg = Debug|Win32
		{06E1A57B-D14F-4E16-A2C6-13BFF9E26ADA}.Template|x86.Build.0 = Debug|Win32
	EndGlobalSection
	GlobalSection(SolutionProperties) = preSolution
		HideSolutionNode = FALSE
	EndGlobalSection
	GlobalSection(ExtensibilityGlobals) = postSolution
		SolutionGuid = {C9B3C5EF-BBE9-4783-B380-4D739369BA2F}
	EndGlobalSection
EndGlobal
